
Microsoft Visual Studio Solution File, Format Version 12.00
# Visual Studio Version 17
VisualStudioVersion = 17.6.33829.357
MinimumVisualStudioVersion = 10.0.40219.1
Project("{FAE04EC0-301F-11D3-BF4B-00C04F79EFBC}") = "ProductCatalogWebApplication", "ProductCatalogWebApplication\ProductCatalogWebApplication.csproj", "{EC798EBD-52A0-4D0F-8A53-70475608F69D}"
EndProject
Global
	GlobalSection(SolutionConfigurationPlatforms) = preSolution
		Debug|Any CPU = Debug|Any CPU
		Release|Any CPU = Release|Any CPU
	EndGlobalSection
	GlobalSection(ProjectConfigurationPlatforms) = postSolution
		{EC798EBD-52A0-4D0F-8A53-70475608F69D}.Debug|Any CPU.ActiveCfg = Debug|Any CPU
		{EC798EBD-52A0-4D0F-8A53-70475608F69D}.Debug|Any CPU.Build.0 = Debug|Any CPU
		{EC798EBD-52A0-4D0F-8A53-70475608F69D}.Release|Any CPU.ActiveCfg = Release|Any CPU
		{EC798EBD-52A0-4D0F-8A53-70475608F69D}.Release|Any CPU.Build.0 = Release|Any CPU
	EndGlobalSection
	GlobalSection(SolutionProperties) = preSolution
		HideSolutionNode = FALSE
	EndGlobalSection
	GlobalSection(ExtensibilityGlobals) = postSolution
		SolutionGuid = {58F7CC3F-02DB-4626-B4FC-A1CC84A4E749}
	EndGlobalSection
EndGlobal
